
Microsoft Visual Studio Solution File, Format Version 12.00
# Visual Studio 15
VisualStudioVersion = 15.0.27130.2024
MinimumVisualStudioVersion = 10.0.40219.1
Project("{9A19103F-16F7-4668-BE54-9A1E7A4F7556}") = "Net.Spec.Logging", "Net.Spec.Logging\Net.Spec.Logging.csproj", "{BE387189-661D-4731-94A3-A6CBE860FC10}"
EndProject
Project("{9A19103F-16F7-4668-BE54-9A1E7A4F7556}") = "Net.Spec.Logging.Adapters.Serilog", "Net.Spec.Logging.Adapters.Serilog\Net.Spec.Logging.Adapters.Serilog.csproj", "{5D9DFA11-202F-4086-9F6F-AEA5A1A7C9BD}"
EndProject
Project("{2150E333-8FDC-42A3-9474-1A3956D46DE8}") = "Tests", "Tests", "{74AFA49C-4567-4A18-A7EB-273033BB6ADA}"
EndProject
Project("{FAE04EC0-301F-11D3-BF4B-00C04F79EFBC}") = "Net.Spec.Logging.Tests", "Tests\Net.Spec.Logging.Tests\Net.Spec.Logging.Tests.csproj", "{2B3BADDC-362A-4C84-BAF4-751E5A94B920}"
EndProject
Global
	GlobalSection(SolutionConfigurationPlatforms) = preSolution
		Debug|Any CPU = Debug|Any CPU
		Release|Any CPU = Release|Any CPU
	EndGlobalSection
	GlobalSection(ProjectConfigurationPlatforms) = postSolution
		{BE387189-661D-4731-94A3-A6CBE860FC10}.Debug|Any CPU.ActiveCfg = Debug|Any CPU
		{BE387189-661D-4731-94A3-A6CBE860FC10}.Debug|Any CPU.Build.0 = Debug|Any CPU
		{BE387189-661D-4731-94A3-A6CBE860FC10}.Release|Any CPU.ActiveCfg = Release|Any CPU
		{BE387189-661D-4731-94A3-A6CBE860FC10}.Release|Any CPU.Build.0 = Release|Any CPU
		{5D9DFA11-202F-4086-9F6F-AEA5A1A7C9BD}.Debug|Any CPU.ActiveCfg = Debug|Any CPU
		{5D9DFA11-202F-4086-9F6F-AEA5A1A7C9BD}.Debug|Any CPU.Build.0 = Debug|Any CPU
		{5D9DFA11-202F-4086-9F6F-AEA5A1A7C9BD}.Release|Any CPU.ActiveCfg = Release|Any CPU
		{5D9DFA11-202F-4086-9F6F-AEA5A1A7C9BD}.Release|Any CPU.Build.0 = Release|Any CPU
		{2B3BADDC-362A-4C84-BAF4-751E5A94B920}.Debug|Any CPU.ActiveCfg = Debug|Any CPU
		{2B3BADDC-362A-4C84-BAF4-751E5A94B920}.Debug|Any CPU.Build.0 = Debug|Any CPU
		{2B3BADDC-362A-4C84-BAF4-751E5A94B920}.Release|Any CPU.ActiveCfg = Release|Any CPU
		{2B3BADDC-362A-4C84-BAF4-751E5A94B920}.Release|Any CPU.Build.0 = Release|Any CPU
	EndGlobalSection
	GlobalSection(SolutionProperties) = preSolution
		HideSolutionNode = FALSE
	EndGlobalSection
	GlobalSection(NestedProjects) = preSolution
		{2B3BADDC-362A-4C84-BAF4-751E5A94B920} = {74AFA49C-4567-4A18-A7EB-273033BB6ADA}
	EndGlobalSection
	GlobalSection(ExtensibilityGlobals) = postSolution
		SolutionGuid = {85855687-5B91-4AAC-AE52-49D58219710A}
	EndGlobalSection
EndGlobal
